// !$*UTF8*$!
{
	archiveVersion = 1;
	classes = {
	};
	objectVersion = 46;
	objects = {

/* Begin PBXBuildFile section */
		845D9E171B98824B00263E31 /* AppDelegate.swift in Sources */ = {isa = PBXBuildFile; fileRef = 845D9E161B98824B00263E31 /* AppDelegate.swift */; };
		845D9E191B98824B00263E31 /* ViewController.swift in Sources */ = {isa = PBXBuildFile; fileRef = 845D9E181B98824B00263E31 /* ViewController.swift */; };
		845D9E1C1B98824B00263E31 /* Main.storyboard in Resources */ = {isa = PBXBuildFile; fileRef = 845D9E1A1B98824B00263E31 /* Main.storyboard */; };
		845D9E1E1B98824B00263E31 /* Assets.xcassets in Resources */ = {isa = PBXBuildFile; fileRef = 845D9E1D1B98824B00263E31 /* Assets.xcassets */; };
		845D9E211B98824B00263E31 /* LaunchScreen.storyboard in Resources */ = {isa = PBXBuildFile; fileRef = 845D9E1F1B98824B00263E31 /* LaunchScreen.storyboard */; };
/* End PBXBuildFile section */

/* Begin PBXFileReference section */
		845D9E131B98824B00263E31 /* MLEmoticon.app */ = {isa = PBXFileReference; explicitFileType = wrapper.application; includeInIndex = 0; path = MLEmoticon.app; sourceTree = BUILT_PRODUCTS_DIR; };
		845D9E161B98824B00263E31 /* AppDelegate.swift */ = {isa = PBXFileReference; lastKnownFileType = sourcecode.swift; path = AppDelegate.swift; sourceTree = "<group>"; };
		845D9E181B98824B00263E31 /* ViewController.swift */ = {isa = PBXFileReference; lastKnownFileType = sourcecode.swift; path = ViewController.swift; sourceTree = "<group>"; };
		845D9E1B1B98824B00263E31 /* Base */ = {isa = PBXFileReference; lastKnownFileType = file.storyboard; name = Base; path = Base.lproj/Main.storyboard; sourceTree = "<group>"; };
		845D9E1D1B98824B00263E31 /* Assets.xcassets */ = {isa = PBXFileReference; lastKnownFileType = folder.assetcatalog; path = Assets.xcassets; sourceTree = "<group>"; };
		845D9E201B98824B00263E31 /* Base */ = {isa = PBXFileReference; lastKnownFileType = file.storyboard; name = Base; path = Base.lproj/LaunchScreen.storyboard; sourceTree = "<group>"; };
		845D9E221B98824B00263E31 /* Info.plist */ = {isa = PBXFileReference; lastKnownFileType = text.plist.xml; path = Info.plist; sourceTree = "<group>"; };
/* End PBXFileReference section */

/* Begin PBXFrameworksBuildPhase section */
		845D9E101B98824B00263E31 /* Frameworks */ = {
			isa = PBXFrameworksBuildPhase;
			buildActionMask = 2147483647;
			files = (
			);
			runOnlyForDeploymentPostprocessing = 0;
		};
/* End PBXFrameworksBuildPhase section */

/* Begin PBXGroup section */
		845D9E0A1B98824B00263E31 = {
			isa = PBXGroup;
			children = (
				845D9E151B98824B00263E31 /* MLEmoticon */,
				845D9E141B98824B00263E31 /* Products */,
			);
			sourceTree = "<group>";
		};
		845D9E141B98824B00263E31 /* Products */ = {
			isa = PBXGroup;
			children = (
				845D9E131B98824B00263E31 /* MLEmoticon.app */,
			);
			name = Products;
			sourceTree = "<group>";
		};
		845D9E151B98824B00263E31 /* MLEmoticon */ = {
			isa = PBXGroup;
			children = (
				845D9E161B98824B00263E31 /* AppDelegate.swift */,
				845D9E181B98824B00263E31 /* ViewController.swift */,
				845D9E1A1B98824B00263E31 /* Main.storyboard */,
				845D9E1D1B98824B00263E31 /* Assets.xcassets */,
				845D9E1F1B98824B00263E31 /* LaunchScreen.storyboard */,
				845D9E221B98824B00263E31 /* Info.plist */,
			);
			path = MLEmoticon;
			sourceTree = "<group>";
		};
/* End PBXGroup section */

/* Begin PBXNativeTarget section */
		845D9E121B98824B00263E31 /* MLEmoticon */ = {
			isa = PBXNativeTarget;
			buildConfigurationList = 845D9E251B98824B00263E31 /* Build configuration list for PBXNativeTarget "MLEmoticon" */;
			buildPhases = (
				845D9E0F1B98824B00263E31 /* Sources */,
				845D9E101B98824B00263E31 /* Frameworks */,
				845D9E111B98824B00263E31 /* Resources */,
			);
			buildRules = (
			);
			dependencies = (
			);
			name = MLEmoticon;
			productName = MLEmoticon;
			productReference = 845D9E131B98824B00263E31 /* MLEmoticon.app */;
			productType = "com.apple.product-type.application";
		};
/* End PBXNativeTarget section */

/* Begin PBXProject section */
		845D9E0B1B98824B00263E31 /* Project object */ = {
			isa = PBXProject;
			attributes = {
				LastUpgradeCheck = 0700;
				ORGANIZATIONNAME = wuminglei;
				TargetAttributes = {
					845D9E121B98824B00263E31 = {
						CreatedOnToolsVersion = 7.0;
					};
				};
			};
			buildConfigurationList = 845D9E0E1B98824B00263E31 /* Build configuration list for PBXProject "MLEmoticon" */;
			compatibilityVersion = "Xcode 3.2";
			developmentRegion = English;
			hasScannedForEncodings = 0;
			knownRegions = (
				en,
				Base,
			);
			mainGroup = 845D9E0A1B98824B00263E31;
			productRefGroup = 845D9E141B98824B00263E31 /* Products */;
			projectDirPath = "";
			projectRoot = "";
			targets = (
				845D9E121B98824B00263E31 /* MLEmoticon */,
			);
		};
/* End PBXProject section */

/* Begin PBXResourcesBuildPhase section */
		845D9E111B98824B00263E31 /* Resources */ = {
			isa = PBXResourcesBuildPhase;
			buildActionMask = 2147483647;
			files = (
				845D9E211B98824B00263E31 /* LaunchScreen.storyboard in Resources */,
				845D9E1E1B98824B00263E31 /* Assets.xcassets in Resources */,
				845D9E1C1B98824B00263E31 /* Main.storyboard in Resources */,
			);
			runOnlyForDeploymentPostprocessing = 0;
		};
/* End PBXResourcesBuildPhase section */

/* Begin PBXSourcesBuildPhase section */
		845D9E0F1B98824B00263E31 /* Sources */ = {
			isa = PBXSourcesBuildPhase;
			buildActionMask = 2147483647;
			files = (
				845D9E191B98824B00263E31 /* ViewController.swift in Sources */,
				845D9E171B98824B00263E31 /* AppDelegate.swift in Sources */,
			);
			runOnlyForDeploymentPostprocessing = 0;
		};
/* End PBXSourcesBuildPhase section */

/* Begin PBXVariantGroup section */
		845D9E1A1B98824B00263E31 /* Main.storyboard */ = {
			isa = PBXVariantGroup;
			children = (
				845D9E1B1B98824B00263E31 /* Base */,
			);
			name = Main.storyboard;
			sourceTree = "<group>";
		};
		845D9E1F1B98824B00263E31 /* LaunchScreen.storyboard */ = {
			isa = PBXVariantGroup;
			children = (
				845D9E201B98824B00263E31 /* Base */,
			);
			name = LaunchScreen.storyboard;
			sourceTree = "<group>";
		};
/* End PBXVariantGroup section */

/* Begin XCBuildConfiguration section */
		845D9E231B98824B00263E31 /* Debug */ = {
			isa = XCBuildConfiguration;
			buildSettings = {
				ALWAYS_SEARCH_USER_PATHS = NO;
				CLANG_CXX_LANGUAGE_STANDARD = "gnu++0x";
				CLANG_CXX_LIBRARY = "libc++";
				CLANG_ENABLE_MODULES = YES;
				CLANG_ENABLE_OBJC_ARC = YES;
				CLANG_WARN_BOOL_CONVERSION = YES;
				CLANG_WARN_CONSTANT_CONVERSION = YES;
				CLANG_WARN_DIRECT_OBJC_ISA_USAGE = YES_ERROR;
				CLANG_WARN_EMPTY_BODY = YES;
				CLANG_WARN_ENUM_CONVERSION = YES;
				CLANG_WARN_INT_CONVERSION = YES;
				CLANG_WARN_OBJC_ROOT_CLASS = YES_ERROR;
				CLANG_WARN_UNREACHABLE_CODE = YES;
				CLANG_WARN__DUPLICATE_METHOD_MATCH = YES;
				"CODE_SIGN_IDENTITY[sdk=iphoneos*]" = "iPhone Developer";
				COPY_PHASE_STRIP = NO;
				DEBUG_INFORMATION_FORMAT = dwarf;
				ENABLE_STRICT_OBJC_MSGSEND = YES;
				ENABLE_TESTABILITY = YES;
				GCC_C_LANGUAGE_STANDARD = gnu99;
				GCC_DYNAMIC_NO_PIC = NO;
				GCC_NO_COMMON_BLOCKS = YES;
				GCC_OPTIMIZATION_LEVEL = 0;
				GCC_PREPROCESSOR_DEFINITIONS = (
					"DEBUG=1",
					"$(inherited)",
				);
				GCC_WARN_64_TO_32_BIT_CONVERSION = YES;
				GCC_WARN_ABOUT_RETURN_TYPE = YES_ERROR;
				GCC_WARN_UNDECLARED_SELECTOR = YES;
				GCC_WARN_UNINITIALIZED_AUTOS = YES_AGGRESSIVE;
				GCC_WARN_UNUSED_FUNCTION = YES;
				GCC_WARN_UNUSED_VARIABLE = YES;
				IPHONEOS_DEPLOYMENT_TARGET = 9.0;
				MTL_ENABLE_DEBUG_INFO = YES;
				ONLY_ACTIVE_ARCH = YES;
				SDKROOT = iphoneos;
				SWIFT_OPTIMIZATION_LEVEL = "-Onone";
			};
			name = Debug;
		};
		845D9E241B98824B00263E31 /* Release */ = {
			isa = XCBuildConfiguration;
			buildSettings = {
				ALWAYS_SEARCH_USER_PATHS = NO;
				CLANG_CXX_LANGUAGE_STANDARD = "gnu++0x";
				CLANG_CXX_LIBRARY = "libc++";
				CLANG_ENABLE_MODULES = YES;
				CLANG_ENABLE_OBJC_ARC = YES;
				CLANG_WARN_BOOL_CONVERSION = YES;
				CLANG_WARN_CONSTANT_CONVERSION = YES;
				CLANG_WARN_DIRECT_OBJC_ISA_USAGE = YES_ERROR;
				CLANG_WARN_EMPTY_BODY = YES;
				CLANG_WARN_ENUM_CONVERSION = YES;
				CLANG_WARN_INT_CONVERSION = YES;
				CLANG_WARN_OBJC_ROOT_CLASS = YES_ERROR;
				CLANG_WARN_UNREACHABLE_CODE = YES;
				CLANG_WARN__DUPLICATE_METHOD_MATCH = YES;
				"CODE_SIGN_IDENTITY[sdk=iphoneos*]" = "iPhone Developer";
				COPY_PHASE_STRIP = NO;
				DEBUG_INFORMATION_FORMAT = "dwarf-with-dsym";
				ENABLE_NS_ASSERTIONS = NO;
				ENABLE_STRICT_OBJC_MSGSEND = YES;
				GCC_C_LANGUAGE_STANDARD = gnu99;
				GCC_NO_COMMON_BLOCKS = YES;
				GCC_WARN_64_TO_32_BIT_CONVERSION = YES;
				GCC_WARN_ABOUT_RETURN_TYPE = YES_ERROR;
				GCC_WARN_UNDECLARED_SELECTOR = YES;
				GCC_WARN_UNINITIALIZED_AUTOS = YES_AGGRESSIVE;
				GCC_WARN_UNUSED_FUNCTION = YES;
				GCC_WARN_UNUSED_VARIABLE = YES;
				IPHONEOS_DEPLOYMENT_TARGET = 9.0;
				MTL_ENABLE_DEBUG_INFO = NO;
				SDKROOT = iphoneos;
				VALIDATE_PRODUCT = YES;
			};
			name = Release;
		};
		845D9E261B98824B00263E31 /* Debug */ = {
			isa = XCBuildConfiguration;
			buildSettings = {
				ASSETCATALOG_COMPILER_APPICON_NAME = AppIcon;
				INFOPLIST_FILE = MLEmoticon/Info.plist;
				LD_RUNPATH_SEARCH_PATHS = "$(inherited) @executable_path/Frameworks";
				PRODUCT_BUNDLE_IDENTIFIER = cn.wuminglei.MLEmoticon;
				PRODUCT_NAME = "$(TARGET_NAME)";
			};
			name = Debug;
		};
		845D9E271B98824B00263E31 /* Release */ = {
			isa = XCBuildConfiguration;
			buildSettings = {
				ASSETCATALOG_COMPILER_APPICON_NAME = AppIcon;
				INFOPLIST_FILE = MLEmoticon/Info.plist;
				LD_RUNPATH_SEARCH_PATHS = "$(inherited) @executable_path/Frameworks";
				PRODUCT_BUNDLE_IDENTIFIER = cn.wuminglei.MLEmoticon;
				PRODUCT_NAME = "$(TARGET_NAME)";
			};
			name = Release;
		};
/* End XCBuildConfiguration section */

/* Begin XCConfigurationList section */
		845D9E0E1B98824B00263E31 /* Build configuration list for PBXProject "MLEmoticon" */ = {
			isa = XCConfigurationList;
			buildConfigurations = (
				845D9E231B98824B00263E31 /* Debug */,
				845D9E241B98824B00263E31 /* Release */,
			);
			defaultConfigurationIsVisible = 0;
			defaultConfigurationName = Release;
		};
		845D9E251B98824B00263E31 /* Build configuration list for PBXNativeTarget "MLEmoticon" */ = {
			isa = XCConfigurationList;
			buildConfigurations = (
				845D9E261B98824B00263E31 /* Debug */,
				845D9E271B98824B00263E31 /* Release */,
			);
			defaultConfigurationIsVisible = 0;
		};
/* End XCConfigurationList section */
	};
	rootObject = 845D9E0B1B98824B00263E31 /* Project object */;
}
